// !$*UTF8*$!
{
	archiveVersion = 1;
	classes = {
	};
	objectVersion = 55;
	objects = {

/* Begin PBXBuildFile section */
		1EEC3A4A271F215B0075EB5A /* AppDelegate.swift in Sources */ = {isa = PBXBuildFile; fileRef = 1EEC3A49271F215B0075EB5A /* AppDelegate.swift */; };
		1EEC3A4C271F215B0075EB5A /* SceneDelegate.swift in Sources */ = {isa = PBXBuildFile; fileRef = 1EEC3A4B271F215B0075EB5A /* SceneDelegate.swift */; };
		1EEC3A4E271F215B0075EB5A /* ViewController.swift in Sources */ = {isa = PBXBuildFile; fileRef = 1EEC3A4D271F215B0075EB5A /* ViewController.swift */; };
		1EEC3A51271F215B0075EB5A /* Main.storyboard in Resources */ = {isa = PBXBuildFile; fileRef = 1EEC3A4F271F215B0075EB5A /* Main.storyboard */; };
		1EEC3A53271F215E0075EB5A /* Assets.xcassets in Resources */ = {isa = PBXBuildFile; fileRef = 1EEC3A52271F215E0075EB5A /* Assets.xcassets */; };
		1EEC3A56271F215E0075EB5A /* LaunchScreen.storyboard in Resources */ = {isa = PBXBuildFile; fileRef = 1EEC3A54271F215E0075EB5A /* LaunchScreen.storyboard */; };
		77641C0329248E70ACDD18CE /* Pods_WeDo.framework in Frameworks */ = {isa = PBXBuildFile; fileRef = D882F3BEF43BFC6B4024F2E3 /* Pods_WeDo.framework */; };
		A52B48902723FD5500CDE624 /* MemberStoryboard.storyboard in Resources */ = {isa = PBXBuildFile; fileRef = A52B488F2723FD5500CDE624 /* MemberStoryboard.storyboard */; };
		A52B48922723FDAC00CDE624 /* ChattingStoryboard.storyboard in Resources */ = {isa = PBXBuildFile; fileRef = A52B48912723FDAC00CDE624 /* ChattingStoryboard.storyboard */; };
		A52B48942723FDEE00CDE624 /* ProjectStoryboard.storyboard in Resources */ = {isa = PBXBuildFile; fileRef = A52B48932723FDEE00CDE624 /* ProjectStoryboard.storyboard */; };
		E2288D712721A2CD006079C4 /* Member.swift in Sources */ = {isa = PBXBuildFile; fileRef = E2288D702721A2CD006079C4 /* Member.swift */; };
		E2288D732721A30F006079C4 /* MemberViewController.swift in Sources */ = {isa = PBXBuildFile; fileRef = E2288D722721A30F006079C4 /* MemberViewController.swift */; };
		E2288D752721A699006079C4 /* MyProfileViewController.swift in Sources */ = {isa = PBXBuildFile; fileRef = E2288D742721A699006079C4 /* MyProfileViewController.swift */; };
		E2E9B8DE2733D02E0091F233 /* ToDoViewController.swift in Sources */ = {isa = PBXBuildFile; fileRef = E2E9B8DD2733D02E0091F233 /* ToDoViewController.swift */; };
/* End PBXBuildFile section */

/* Begin PBXFileReference section */
		1EEC3A46271F215B0075EB5A /* WeDo.app */ = {isa = PBXFileReference; explicitFileType = wrapper.application; includeInIndex = 0; path = WeDo.app; sourceTree = BUILT_PRODUCTS_DIR; };
		1EEC3A49271F215B0075EB5A /* AppDelegate.swift */ = {isa = PBXFileReference; lastKnownFileType = sourcecode.swift; path = AppDelegate.swift; sourceTree = "<group>"; };
		1EEC3A4B271F215B0075EB5A /* SceneDelegate.swift */ = {isa = PBXFileReference; lastKnownFileType = sourcecode.swift; path = SceneDelegate.swift; sourceTree = "<group>"; };
		1EEC3A4D271F215B0075EB5A /* ViewController.swift */ = {isa = PBXFileReference; lastKnownFileType = sourcecode.swift; path = ViewController.swift; sourceTree = "<group>"; };
		1EEC3A50271F215B0075EB5A /* Base */ = {isa = PBXFileReference; lastKnownFileType = file.storyboard; name = Base; path = Base.lproj/Main.storyboard; sourceTree = "<group>"; };
		1EEC3A52271F215E0075EB5A /* Assets.xcassets */ = {isa = PBXFileReference; lastKnownFileType = folder.assetcatalog; path = Assets.xcassets; sourceTree = "<group>"; };
		1EEC3A55271F215E0075EB5A /* Base */ = {isa = PBXFileReference; lastKnownFileType = file.storyboard; name = Base; path = Base.lproj/LaunchScreen.storyboard; sourceTree = "<group>"; };
		1EEC3A57271F215E0075EB5A /* Info.plist */ = {isa = PBXFileReference; lastKnownFileType = text.plist.xml; path = Info.plist; sourceTree = "<group>"; };
		A52B488F2723FD5500CDE624 /* MemberStoryboard.storyboard */ = {isa = PBXFileReference; lastKnownFileType = file.storyboard; path = MemberStoryboard.storyboard; sourceTree = "<group>"; };
		A52B48912723FDAC00CDE624 /* ChattingStoryboard.storyboard */ = {isa = PBXFileReference; lastKnownFileType = file.storyboard; path = ChattingStoryboard.storyboard; sourceTree = "<group>"; };
		A52B48932723FDEE00CDE624 /* ProjectStoryboard.storyboard */ = {isa = PBXFileReference; lastKnownFileType = file.storyboard; path = ProjectStoryboard.storyboard; sourceTree = "<group>"; };
		D882F3BEF43BFC6B4024F2E3 /* Pods_WeDo.framework */ = {isa = PBXFileReference; explicitFileType = wrapper.framework; includeInIndex = 0; path = Pods_WeDo.framework; sourceTree = BUILT_PRODUCTS_DIR; };
		DC5AAD27C3B4F5C797AF1F7D /* Pods-WeDo.debug.xcconfig */ = {isa = PBXFileReference; includeInIndex = 1; lastKnownFileType = text.xcconfig; name = "Pods-WeDo.debug.xcconfig"; path = "Target Support Files/Pods-WeDo/Pods-WeDo.debug.xcconfig"; sourceTree = "<group>"; };
		E2288D702721A2CD006079C4 /* Member.swift */ = {isa = PBXFileReference; lastKnownFileType = sourcecode.swift; path = Member.swift; sourceTree = "<group>"; };
		E2288D722721A30F006079C4 /* MemberViewController.swift */ = {isa = PBXFileReference; lastKnownFileType = sourcecode.swift; path = MemberViewController.swift; sourceTree = "<group>"; };
		E2288D742721A699006079C4 /* MyProfileViewController.swift */ = {isa = PBXFileReference; lastKnownFileType = sourcecode.swift; path = MyProfileViewController.swift; sourceTree = "<group>"; };
		E2E9B8DD2733D02E0091F233 /* ToDoViewController.swift */ = {isa = PBXFileReference; lastKnownFileType = sourcecode.swift; path = ToDoViewController.swift; sourceTree = "<group>"; };
		F77418A5DFC061B1C11D25DD /* Pods-WeDo.release.xcconfig */ = {isa = PBXFileReference; includeInIndex = 1; lastKnownFileType = text.xcconfig; name = "Pods-WeDo.release.xcconfig"; path = "Target Support Files/Pods-WeDo/Pods-WeDo.release.xcconfig"; sourceTree = "<group>"; };
/* End PBXFileReference section */

/* Begin PBXFrameworksBuildPhase section */
		1EEC3A43271F215B0075EB5A /* Frameworks */ = {
			isa = PBXFrameworksBuildPhase;
			buildActionMask = 2147483647;
			files = (
				77641C0329248E70ACDD18CE /* Pods_WeDo.framework in Frameworks */,
			);
			runOnlyForDeploymentPostprocessing = 0;
		};
/* End PBXFrameworksBuildPhase section */

/* Begin PBXGroup section */
		0D9FC363AA03873AFF96B0FF /* Pods */ = {
			isa = PBXGroup;
			children = (
				DC5AAD27C3B4F5C797AF1F7D /* Pods-WeDo.debug.xcconfig */,
				F77418A5DFC061B1C11D25DD /* Pods-WeDo.release.xcconfig */,
			);
			name = Pods;
			path = Pods;
			sourceTree = "<group>";
		};
		1EEC3A3D271F215B0075EB5A = {
			isa = PBXGroup;
			children = (
				E2288D6F2721A2AC006079C4 /* Models */,
				1EEC3A48271F215B0075EB5A /* WeDo */,
				1EEC3A47271F215B0075EB5A /* Products */,
				0D9FC363AA03873AFF96B0FF /* Pods */,
				652DD99E0C417C0BBAF73F60 /* Frameworks */,
			);
			sourceTree = "<group>";
		};
		1EEC3A47271F215B0075EB5A /* Products */ = {
			isa = PBXGroup;
			children = (
				1EEC3A46271F215B0075EB5A /* WeDo.app */,
			);
			name = Products;
			sourceTree = "<group>";
		};
		1EEC3A48271F215B0075EB5A /* WeDo */ = {
			isa = PBXGroup;
			children = (
				1EEC3A49271F215B0075EB5A /* AppDelegate.swift */,
				1EEC3A4B271F215B0075EB5A /* SceneDelegate.swift */,
				1EEC3A4D271F215B0075EB5A /* ViewController.swift */,
				E2288D722721A30F006079C4 /* MemberViewController.swift */,
				E2288D742721A699006079C4 /* MyProfileViewController.swift */,
				E2E9B8DD2733D02E0091F233 /* ToDoViewController.swift */,
				1EEC3A4F271F215B0075EB5A /* Main.storyboard */,
				A52B488F2723FD5500CDE624 /* MemberStoryboard.storyboard */,
				A52B48912723FDAC00CDE624 /* ChattingStoryboard.storyboard */,
				A52B48932723FDEE00CDE624 /* ProjectStoryboard.storyboard */,
				1EEC3A52271F215E0075EB5A /* Assets.xcassets */,
				1EEC3A54271F215E0075EB5A /* LaunchScreen.storyboard */,
				1EEC3A57271F215E0075EB5A /* Info.plist */,
			);
			path = WeDo;
			sourceTree = "<group>";
		};
		652DD99E0C417C0BBAF73F60 /* Frameworks */ = {
			isa = PBXGroup;
			children = (
				D882F3BEF43BFC6B4024F2E3 /* Pods_WeDo.framework */,
			);
			name = Frameworks;
			sourceTree = "<group>";
		};
		E2288D6F2721A2AC006079C4 /* Models */ = {
			isa = PBXGroup;
			children = (
				E2288D702721A2CD006079C4 /* Member.swift */,
			);
			path = Models;
			sourceTree = "<group>";
		};
/* End PBXGroup section */

/* Begin PBXNativeTarget section */
		1EEC3A45271F215B0075EB5A /* WeDo */ = {
			isa = PBXNativeTarget;
			buildConfigurationList = 1EEC3A5A271F215E0075EB5A /* Build configuration list for PBXNativeTarget "WeDo" */;
			buildPhases = (
				DCDE078D9B57C081ADF16E04 /* [CP] Check Pods Manifest.lock */,
				1EEC3A42271F215B0075EB5A /* Sources */,
				1EEC3A43271F215B0075EB5A /* Frameworks */,
				1EEC3A44271F215B0075EB5A /* Resources */,
				31FED0DABA39233A9E55CFD5 /* [CP] Embed Pods Frameworks */,
			);
			buildRules = (
			);
			dependencies = (
			);
			name = WeDo;
			productName = WeDo;
			productReference = 1EEC3A46271F215B0075EB5A /* WeDo.app */;
			productType = "com.apple.product-type.application";
		};
/* End PBXNativeTarget section */

/* Begin PBXProject section */
		1EEC3A3E271F215B0075EB5A /* Project object */ = {
			isa = PBXProject;
			attributes = {
				BuildIndependentTargetsInParallel = 1;
				LastSwiftUpdateCheck = 1300;
				LastUpgradeCheck = 1300;
				TargetAttributes = {
					1EEC3A45271F215B0075EB5A = {
						CreatedOnToolsVersion = 13.0;
					};
				};
			};
			buildConfigurationList = 1EEC3A41271F215B0075EB5A /* Build configuration list for PBXProject "WeDo" */;
			compatibilityVersion = "Xcode 13.0";
			developmentRegion = en;
			hasScannedForEncodings = 0;
			knownRegions = (
				en,
				Base,
			);
			mainGroup = 1EEC3A3D271F215B0075EB5A;
			productRefGroup = 1EEC3A47271F215B0075EB5A /* Products */;
			projectDirPath = "";
			projectRoot = "";
			targets = (
				1EEC3A45271F215B0075EB5A /* WeDo */,
			);
		};
/* End PBXProject section */

/* Begin PBXResourcesBuildPhase section */
		1EEC3A44271F215B0075EB5A /* Resources */ = {
			isa = PBXResourcesBuildPhase;
			buildActionMask = 2147483647;
			files = (
				1EEC3A56271F215E0075EB5A /* LaunchScreen.storyboard in Resources */,
				A52B48942723FDEE00CDE624 /* ProjectStoryboard.storyboard in Resources */,
				1EEC3A53271F215E0075EB5A /* Assets.xcassets in Resources */,
				1EEC3A51271F215B0075EB5A /* Main.storyboard in Resources */,
				A52B48922723FDAC00CDE624 /* ChattingStoryboard.storyboard in Resources */,
				A52B48902723FD5500CDE624 /* MemberStoryboard.storyboard in Resources */,
			);
			runOnlyForDeploymentPostprocessing = 0;
		};
/* End PBXResourcesBuildPhase section */

/* Begin PBXShellScriptBuildPhase section */
		31FED0DABA39233A9E55CFD5 /* [CP] Embed Pods Frameworks */ = {
			isa = PBXShellScriptBuildPhase;
			buildActionMask = 2147483647;
			files = (
			);
			inputFileListPaths = (
				"${PODS_ROOT}/Target Support Files/Pods-WeDo/Pods-WeDo-frameworks-${CONFIGURATION}-input-files.xcfilelist",
			);
			name = "[CP] Embed Pods Frameworks";
			outputFileListPaths = (
				"${PODS_ROOT}/Target Support Files/Pods-WeDo/Pods-WeDo-frameworks-${CONFIGURATION}-output-files.xcfilelist",
			);
			runOnlyForDeploymentPostprocessing = 0;
			shellPath = /bin/sh;
			shellScript = "\"${PODS_ROOT}/Target Support Files/Pods-WeDo/Pods-WeDo-frameworks.sh\"\n";
			showEnvVarsInLog = 0;
		};
		DCDE078D9B57C081ADF16E04 /* [CP] Check Pods Manifest.lock */ = {
			isa = PBXShellScriptBuildPhase;
			buildActionMask = 2147483647;
			files = (
			);
			inputFileListPaths = (
			);
			inputPaths = (
				"${PODS_PODFILE_DIR_PATH}/Podfile.lock",
				"${PODS_ROOT}/Manifest.lock",
			);
			name = "[CP] Check Pods Manifest.lock";
			outputFileListPaths = (
			);
			outputPaths = (
				"$(DERIVED_FILE_DIR)/Pods-WeDo-checkManifestLockResult.txt",
			);
			runOnlyForDeploymentPostprocessing = 0;
			shellPath = /bin/sh;
			shellScript = "diff \"${PODS_PODFILE_DIR_PATH}/Podfile.lock\" \"${PODS_ROOT}/Manifest.lock\" > /dev/null\nif [ $? != 0 ] ; then\n    # print error to STDERR\n    echo \"error: The sandbox is not in sync with the Podfile.lock. Run 'pod install' or update your CocoaPods installation.\" >&2\n    exit 1\nfi\n# This output is used by Xcode 'outputs' to avoid re-running this script phase.\necho \"SUCCESS\" > \"${SCRIPT_OUTPUT_FILE_0}\"\n";
			showEnvVarsInLog = 0;
		};
/* End PBXShellScriptBuildPhase section */

/* Begin PBXSourcesBuildPhase section */
		1EEC3A42271F215B0075EB5A /* Sources */ = {
			isa = PBXSourcesBuildPhase;
			buildActionMask = 2147483647;
			files = (
				E2288D752721A699006079C4 /* MyProfileViewController.swift in Sources */,
				1EEC3A4E271F215B0075EB5A /* ViewController.swift in Sources */,
				1EEC3A4A271F215B0075EB5A /* AppDelegate.swift in Sources */,
				1EEC3A4C271F215B0075EB5A /* SceneDelegate.swift in Sources */,
				E2288D732721A30F006079C4 /* MemberViewController.swift in Sources */,
				E2288D712721A2CD006079C4 /* Member.swift in Sources */,
				E2E9B8DE2733D02E0091F233 /* ToDoViewController.swift in Sources */,
			);
			runOnlyForDeploymentPostprocessing = 0;
		};
/* End PBXSourcesBuildPhase section */

/* Begin PBXVariantGroup section */
		1EEC3A4F271F215B0075EB5A /* Main.storyboard */ = {
			isa = PBXVariantGroup;
			children = (
				1EEC3A50271F215B0075EB5A /* Base */,
			);
			name = Main.storyboard;
			sourceTree = "<group>";
		};
		1EEC3A54271F215E0075EB5A /* LaunchScreen.storyboard */ = {
			isa = PBXVariantGroup;
			children = (
				1EEC3A55271F215E0075EB5A /* Base */,
			);
			name = LaunchScreen.storyboard;
			sourceTree = "<group>";
		};
/* End PBXVariantGroup section */

/* Begin XCBuildConfiguration section */
		1EEC3A58271F215E0075EB5A /* Debug */ = {
			isa = XCBuildConfiguration;
			buildSettings = {
				ALWAYS_SEARCH_USER_PATHS = NO;
				CLANG_ANALYZER_NONNULL = YES;
				CLANG_ANALYZER_NUMBER_OBJECT_CONVERSION = YES_AGGRESSIVE;
				CLANG_CXX_LANGUAGE_STANDARD = "gnu++17";
				CLANG_CXX_LIBRARY = "libc++";
				CLANG_ENABLE_MODULES = YES;
				CLANG_ENABLE_OBJC_ARC = YES;
				CLANG_ENABLE_OBJC_WEAK = YES;
				CLANG_WARN_BLOCK_CAPTURE_AUTORELEASING = YES;
				CLANG_WARN_BOOL_CONVERSION = YES;
				CLANG_WARN_COMMA = YES;
				CLANG_WARN_CONSTANT_CONVERSION = YES;
				CLANG_WARN_DEPRECATED_OBJC_IMPLEMENTATIONS = YES;
				CLANG_WARN_DIRECT_OBJC_ISA_USAGE = YES_ERROR;
				CLANG_WARN_DOCUMENTATION_COMMENTS = YES;
				CLANG_WARN_EMPTY_BODY = YES;
				CLANG_WARN_ENUM_CONVERSION = YES;
				CLANG_WARN_INFINITE_RECURSION = YES;
				CLANG_WARN_INT_CONVERSION = YES;
				CLANG_WARN_NON_LITERAL_NULL_CONVERSION = YES;
				CLANG_WARN_OBJC_IMPLICIT_RETAIN_SELF = YES;
				CLANG_WARN_OBJC_LITERAL_CONVERSION = YES;
				CLANG_WARN_OBJC_ROOT_CLASS = YES_ERROR;
				CLANG_WARN_QUOTED_INCLUDE_IN_FRAMEWORK_HEADER = YES;
				CLANG_WARN_RANGE_LOOP_ANALYSIS = YES;
				CLANG_WARN_STRICT_PROTOTYPES = YES;
				CLANG_WARN_SUSPICIOUS_MOVE = YES;
				CLANG_WARN_UNGUARDED_AVAILABILITY = YES_AGGRESSIVE;
				CLANG_WARN_UNREACHABLE_CODE = YES;
				CLANG_WARN__DUPLICATE_METHOD_MATCH = YES;
				COPY_PHASE_STRIP = NO;
				DEBUG_INFORMATION_FORMAT = dwarf;
				ENABLE_STRICT_OBJC_MSGSEND = YES;
				ENABLE_TESTABILITY = YES;
				GCC_C_LANGUAGE_STANDARD = gnu11;
				GCC_DYNAMIC_NO_PIC = NO;
				GCC_NO_COMMON_BLOCKS = YES;
				GCC_OPTIMIZATION_LEVEL = 0;
				GCC_PREPROCESSOR_DEFINITIONS = (
					"DEBUG=1",
					"$(inherited)",
				);
				GCC_WARN_64_TO_32_BIT_CONVERSION = YES;
				GCC_WARN_ABOUT_RETURN_TYPE = YES_ERROR;
				GCC_WARN_UNDECLARED_SELECTOR = YES;
				GCC_WARN_UNINITIALIZED_AUTOS = YES_AGGRESSIVE;
				GCC_WARN_UNUSED_FUNCTION = YES;
				GCC_WARN_UNUSED_VARIABLE = YES;
				IPHONEOS_DEPLOYMENT_TARGET = 15.0;
				MTL_ENABLE_DEBUG_INFO = INCLUDE_SOURCE;
				MTL_FAST_MATH = YES;
				ONLY_ACTIVE_ARCH = YES;
				SDKROOT = iphoneos;
				SWIFT_ACTIVE_COMPILATION_CONDITIONS = DEBUG;
				SWIFT_OPTIMIZATION_LEVEL = "-Onone";
			};
			name = Debug;
		};
		1EEC3A59271F215E0075EB5A /* Release */ = {
			isa = XCBuildConfiguration;
			buildSettings = {
				ALWAYS_SEARCH_USER_PATHS = NO;
				CLANG_ANALYZER_NONNULL = YES;
				CLANG_ANALYZER_NUMBER_OBJECT_CONVERSION = YES_AGGRESSIVE;
				CLANG_CXX_LANGUAGE_STANDARD = "gnu++17";
				CLANG_CXX_LIBRARY = "libc++";
				CLANG_ENABLE_MODULES = YES;
				CLANG_ENABLE_OBJC_ARC = YES;
				CLANG_ENABLE_OBJC_WEAK = YES;
				CLANG_WARN_BLOCK_CAPTURE_AUTORELEASING = YES;
				CLANG_WARN_BOOL_CONVERSION = YES;
				CLANG_WARN_COMMA = YES;
				CLANG_WARN_CONSTANT_CONVERSION = YES;
				CLANG_WARN_DEPRECATED_OBJC_IMPLEMENTATIONS = YES;
				CLANG_WARN_DIRECT_OBJC_ISA_USAGE = YES_ERROR;
				CLANG_WARN_DOCUMENTATION_COMMENTS = YES;
				CLANG_WARN_EMPTY_BODY = YES;
				CLANG_WARN_ENUM_CONVERSION = YES;
				CLANG_WARN_INFINITE_RECURSION = YES;
				CLANG_WARN_INT_CONVERSION = YES;
				CLANG_WARN_NON_LITERAL_NULL_CONVERSION = YES;
				CLANG_WARN_OBJC_IMPLICIT_RETAIN_SELF = YES;
				CLANG_WARN_OBJC_LITERAL_CONVERSION = YES;
				CLANG_WARN_OBJC_ROOT_CLASS = YES_ERROR;
				CLANG_WARN_QUOTED_INCLUDE_IN_FRAMEWORK_HEADER = YES;
				CLANG_WARN_RANGE_LOOP_ANALYSIS = YES;
				CLANG_WARN_STRICT_PROTOTYPES = YES;
				CLANG_WARN_SUSPICIOUS_MOVE = YES;
				CLANG_WARN_UNGUARDED_AVAILABILITY = YES_AGGRESSIVE;
				CLANG_WARN_UNREACHABLE_CODE = YES;
				CLANG_WARN__DUPLICATE_METHOD_MATCH = YES;
				COPY_PHASE_STRIP = NO;
				DEBUG_INFORMATION_FORMAT = "dwarf-with-dsym";
				ENABLE_NS_ASSERTIONS = NO;
				ENABLE_STRICT_OBJC_MSGSEND = YES;
				GCC_C_LANGUAGE_STANDARD = gnu11;
				GCC_NO_COMMON_BLOCKS = YES;
				GCC_WARN_64_TO_32_BIT_CONVERSION = YES;
				GCC_WARN_ABOUT_RETURN_TYPE = YES_ERROR;
				GCC_WARN_UNDECLARED_SELECTOR = YES;
				GCC_WARN_UNINITIALIZED_AUTOS = YES_AGGRESSIVE;
				GCC_WARN_UNUSED_FUNCTION = YES;
				GCC_WARN_UNUSED_VARIABLE = YES;
				IPHONEOS_DEPLOYMENT_TARGET = 15.0;
				MTL_ENABLE_DEBUG_INFO = NO;
				MTL_FAST_MATH = YES;
				SDKROOT = iphoneos;
				SWIFT_COMPILATION_MODE = wholemodule;
				SWIFT_OPTIMIZATION_LEVEL = "-O";
				VALIDATE_PRODUCT = YES;
			};
			name = Release;
		};
		1EEC3A5B271F215E0075EB5A /* Debug */ = {
			isa = XCBuildConfiguration;
			baseConfigurationReference = DC5AAD27C3B4F5C797AF1F7D /* Pods-WeDo.debug.xcconfig */;
			buildSettings = {
				ASSETCATALOG_COMPILER_APPICON_NAME = AppIcon;
				ASSETCATALOG_COMPILER_GLOBAL_ACCENT_COLOR_NAME = AccentColor;
				CODE_SIGN_STYLE = Automatic;
				CURRENT_PROJECT_VERSION = 1;
				DEVELOPMENT_TEAM = CFR8G7663B;
				GENERATE_INFOPLIST_FILE = YES;
				INFOPLIST_FILE = WeDo/Info.plist;
				INFOPLIST_KEY_UIApplicationSupportsIndirectInputEvents = YES;
				INFOPLIST_KEY_UILaunchStoryboardName = LaunchScreen;
				INFOPLIST_KEY_UIMainStoryboardFile = Main;
				INFOPLIST_KEY_UISupportedInterfaceOrientations_iPad = "UIInterfaceOrientationPortrait UIInterfaceOrientationPortraitUpsideDown UIInterfaceOrientationLandscapeLeft UIInterfaceOrientationLandscapeRight";
				INFOPLIST_KEY_UISupportedInterfaceOrientations_iPhone = "UIInterfaceOrientationPortrait UIInterfaceOrientationLandscapeLeft UIInterfaceOrientationLandscapeRight";
				LD_RUNPATH_SEARCH_PATHS = (
					"$(inherited)",
					"@executable_path/Frameworks",
				);
				MARKETING_VERSION = 1.0;
				PRODUCT_BUNDLE_IDENTIFIER = com.codershigh.WeDo;
				PRODUCT_NAME = "$(TARGET_NAME)";
				SWIFT_EMIT_LOC_STRINGS = YES;
				SWIFT_VERSION = 5.0;
				TARGETED_DEVICE_FAMILY = "1,2";
			};
			name = Debug;
		};
		1EEC3A5C271F215E0075EB5A /* Release */ = {
			isa = XCBuildConfiguration;
			baseConfigurationReference = F77418A5DFC061B1C11D25DD /* Pods-WeDo.release.xcconfig */;
			buildSettings = {
				ASSETCATALOG_COMPILER_APPICON_NAME = AppIcon;
				ASSETCATALOG_COMPILER_GLOBAL_ACCENT_COLOR_NAME = AccentColor;
				CODE_SIGN_STYLE = Automatic;
				CURRENT_PROJECT_VERSION = 1;
				DEVELOPMENT_TEAM = CFR8G7663B;
				GENERATE_INFOPLIST_FILE = YES;
				INFOPLIST_FILE = WeDo/Info.plist;
				INFOPLIST_KEY_UIApplicationSupportsIndirectInputEvents = YES;
				INFOPLIST_KEY_UILaunchStoryboardName = LaunchScreen;
				INFOPLIST_KEY_UIMainStoryboardFile = Main;
				INFOPLIST_KEY_UISupportedInterfaceOrientations_iPad = "UIInterfaceOrientationPortrait UIInterfaceOrientationPortraitUpsideDown UIInterfaceOrientationLandscapeLeft UIInterfaceOrientationLandscapeRight";
				INFOPLIST_KEY_UISupportedInterfaceOrientations_iPhone = "UIInterfaceOrientationPortrait UIInterfaceOrientationLandscapeLeft UIInterfaceOrientationLandscapeRight";
				LD_RUNPATH_SEARCH_PATHS = (
					"$(inherited)",
					"@executable_path/Frameworks",
				);
				MARKETING_VERSION = 1.0;
				PRODUCT_BUNDLE_IDENTIFIER = com.codershigh.WeDo;
				PRODUCT_NAME = "$(TARGET_NAME)";
				SWIFT_EMIT_LOC_STRINGS = YES;
				SWIFT_VERSION = 5.0;
				TARGETED_DEVICE_FAMILY = "1,2";
			};
			name = Release;
		};
/* End XCBuildConfiguration section */

/* Begin XCConfigurationList section */
		1EEC3A41271F215B0075EB5A /* Build configuration list for PBXProject "WeDo" */ = {
			isa = XCConfigurationList;
			buildConfigurations = (
				1EEC3A58271F215E0075EB5A /* Debug */,
				1EEC3A59271F215E0075EB5A /* Release */,
			);
			defaultConfigurationIsVisible = 0;
			defaultConfigurationName = Release;
		};
		1EEC3A5A271F215E0075EB5A /* Build configuration list for PBXNativeTarget "WeDo" */ = {
			isa = XCConfigurationList;
			buildConfigurations = (
				1EEC3A5B271F215E0075EB5A /* Debug */,
				1EEC3A5C271F215E0075EB5A /* Release */,
			);
			defaultConfigurationIsVisible = 0;
			defaultConfigurationName = Release;
		};
/* End XCConfigurationList section */
	};
	rootObject = 1EEC3A3E271F215B0075EB5A /* Project object */;
}
